Microsoft Visual Studio Solution File, Format Version 12.00
# Visual Studio Version 17
VisualStudioVersion = 17.5.33424.131
MinimumVisualStudioVersion = 10.0.40219.1
Project("{9A19103F-16F7-4668-BE54-9A1E7A4F7556}") = "CarbonNeutral.KernelShared", "src\__Kernel\CarbonNeutral.KernelShared\src\CarbonNeutral.KernelShared.csproj", "{359C52A0-5153-4FAF-8555-ED7FC77FD56A}"
EndProject
Project("{9A19103F-16F7-4668-BE54-9A1E7A4F7556}") = "CarbonNeutral.Common", "src\_Common\CarbonNeutral.Common\src\CarbonNeutral.Common.csproj", "{CCC907A3-64FF-4037-9B8E-4FB0E3CAB2A8}"
EndProject
Project("{9A19103F-16F7-4668-BE54-9A1E7A4F7556}") = "CarbonNeutral.SignalR", "src\++SignalR\CarbonNeutral.SignalR\src\CarbonNeutral.SignalR.csproj", "{890D8932-9EEE-4AA1-B715-8790B6139C58}"
EndProject
Project("{9A19103F-16F7-4668-BE54-9A1E7A4F7556}") = "WskCore.UnitTests", "src\+Modules\Lazy\WordSearchKingdom\____Core\_WskCore.UnitTests\src\WskCore.UnitTests.csproj", "{79E60F1E-9333-4A36-B69B-BED2A6863B67}"
EndProject
Project("{9A19103F-16F7-4668-BE54-9A1E7A4F7556}") = "WskCore.WskTestData", "src\+Modules\Lazy\WordSearchKingdom\____Core\WskCore.WskTestData\src\WskCore.WskTestData.csproj", "{3FB635E5-76F6-4C35-81C4-600ADD2D305E}"
EndProject
Project("{9A19103F-16F7-4668-BE54-9A1E7A4F7556}") = "WskInfrastructure", "src\+Modules\Lazy\WordSearchKingdom\___Infrastructure\WskInfrastructure\src\WskInfrastructure.csproj", "{8899EC41-FE1A-4EBD-9681-50B747FE70B5}"
EndProject
Project("{9A19103F-16F7-4668-BE54-9A1E7A4F7556}") = "WskInfrastructure.IntegrationTests", "src\+Modules\Lazy\WordSearchKingdom\___Infrastructure\WskInfrastructure.IntegrationTests\src\WskInfrastructure.IntegrationTests.csproj", "{21A339D1-09E1-4632-B2C1-D70CF6A14E41}"
EndProject
Project("{9A19103F-16F7-4668-BE54-9A1E7A4F7556}") = "WskApplication.Data", "src\+Modules\Lazy\WordSearchKingdom\__Data\WskApplication.Data\src\WskApplication.Data.csproj", "{94CFE7BC-5E28-497B-9CBF-98C64C207090}"
EndProject
Project("{9A19103F-16F7-4668-BE54-9A1E7A4F7556}") = "WskApplication.Shared", "src\+Modules\Lazy\WordSearchKingdom\_Application\_WskApplication.Shared\src\WskApplication.Shared.csproj", "{A96B3039-0FEC-46D5-86FD-DD36F1C0B805}"
EndProject
Project("{9A19103F-16F7-4668-BE54-9A1E7A4F7556}") = "WskApplication", "src\+Modules\Lazy\WordSearchKingdom\_Application\WskApplication\src\WskApplication.csproj", "{7A94551D-1150-458B-A1D1-BDBA5301B3A5}"
EndProject
Project("{9A19103F-16F7-4668-BE54-9A1E7A4F7556}") = "WskApplication.FeatureTests", "src\+Modules\Lazy\WordSearchKingdom\_Application\WskApplication.FeatureTests\src\WskApplication.FeatureTests.csproj", "{2FCF4F0B-CE8B-4C1E-A321-9AFB1A795073}"
EndProject
Project("{9A19103F-16F7-4668-BE54-9A1E7A4F7556}") = "WskApi", "src\+Modules\Lazy\WordSearchKingdom\+Api\WskApi\src\WskApi.csproj", "{FF6D418C-5F9C-4E8C-9CE7-D2E014AEB51C}"
EndProject
Project("{9A19103F-16F7-4668-BE54-9A1E7A4F7556}") = "WskApi.FunctionalTests", "src\+Modules\Lazy\WordSearchKingdom\+Api\WskApi.FunctionalTests\src\WskApi.FunctionalTests.csproj", "{3F3F30C7-E19A-49F8-8DB8-498A994F14A3}"
EndProject
Project("{9A19103F-16F7-4668-BE54-9A1E7A4F7556}") = "WordSearchKingdomClientServiceLoader", "src\+Modules\Lazy\WordSearchKingdom\UI\_WordSearchKingdomClientServiceLoader\src\WordSearchKingdomClientServiceLoader.csproj", "{D7B61904-29B3-4B57-91B0-25027AF86118}"
EndProject
Project("{9A19103F-16F7-4668-BE54-9A1E7A4F7556}") = "WskBlazorModule", "src\+Modules\Lazy\WordSearchKingdom\UI\WskBlazorModule\src\WskBlazorModule.csproj", "{4CFFDCB3-B8B8-4F33-87CC-1D920BC56070}"
EndProject
Project("{9A19103F-16F7-4668-BE54-9A1E7A4F7556}") = "WskBlazorModuleAdmin", "src\+Modules\Lazy\WordSearchKingdom\UI\WskBlazorModuleAdmin\src\WskBlazorModuleAdmin.csproj", "{99F09876-983D-44FA-AA6B-3B92869C127D}"
EndProject
Project("{9A19103F-16F7-4668-BE54-9A1E7A4F7556}") = "CarbonNeutral.BlazorClient", "src\UI\Client\CarbonNeutral.BlazorClient\src\CarbonNeutral.BlazorClient.csproj", "{7DACA9D7-C588-4A36-8D01-D2D771598B2F}"
EndProject
Project("{9A19103F-16F7-4668-BE54-9A1E7A4F7556}") = "CarbonNeutral.BlazorClient.UITests", "src\UI\Client\CarbonNeutral.BlazorClient.UITests\src\CarbonNeutral.BlazorClient.UITests.csproj", "{4345B971-C3B0-4170-A208-2B431D4B780A}"
EndProject
Project("{9A19103F-16F7-4668-BE54-9A1E7A4F7556}") = "CarbonNeutral.BlazorClient.UIUnitTests", "src\UI\Client\CarbonNeutral.BlazorClient.UIUnitTests\src\CarbonNeutral.BlazorClient.UIUnitTests.csproj", "{4CF78E23-3005-4670-888F-8F6EE4E08CFE}"
EndProject
Project("{2150E333-8FDC-42A3-9474-1A3956D46DE8}") = "+Modules", "+Modules", "{7F4F6B59-95D3-4781-9A65-B142B7B1C448}"
EndProject
Project("{2150E333-8FDC-42A3-9474-1A3956D46DE8}") = "UI", "UI", "{A7BEB6FB-2D1A-4054-BEC6-F0AB77BC46E8}"
EndProject
Project("{2150E333-8FDC-42A3-9474-1A3956D46DE8}") = "++SignalR", "++SignalR", "{E95097B5-1A28-4685-8504-14B6BE8B6ED8}"
EndProject
Project("{2150E333-8FDC-42A3-9474-1A3956D46DE8}") = "++Identity", "++Identity", "{A76B8CAD-D5AA-423D-A1F8-000518196632}"
EndProject
Project("{2150E333-8FDC-42A3-9474-1A3956D46DE8}") = "_Kernel", "_Kernel", "{08C13FE7-9071-46A3-B9BE-3941FF04C813}"
EndProject
Project("{2150E333-8FDC-42A3-9474-1A3956D46DE8}") = "_Common", "_Common", "{1151DB5C-BA25-4E70-AEEA-C052C86B86A8}"
EndProject
Project("{2150E333-8FDC-42A3-9474-1A3956D46DE8}") = "___Core", "___Core", "{1DE2958D-F86D-46E2-9157-0CCD418C5A0D}"
EndProject
Project("{2150E333-8FDC-42A3-9474-1A3956D46DE8}") = "_Application", "_Application", "{F42D7AFA-A120-433A-BA2F-1764E4CB692E}"
EndProject
Project("{2150E333-8FDC-42A3-9474-1A3956D46DE8}") = "__Infrastructure", "__Infrastructure", "{D6E491BC-9021-4D60-8E0A-9888F5B0382E}"
EndProject
Project("{2150E333-8FDC-42A3-9474-1A3956D46DE8}") = "+Api", "+Api", "{96DAA5F4-785B-4FF0-8135-8BB9F6DA434E}"
EndProject
Project("{2150E333-8FDC-42A3-9474-1A3956D46DE8}") = "UI", "UI", "{2EB699D0-2664-47B4-A43C-675651BE8742}"
EndProject
Project("{2150E333-8FDC-42A3-9474-1A3956D46DE8}") = "Lazy", "Lazy", "{28AC47DA-99EE-4437-A824-ED39D272777C}"
EndProject
Project("{2150E333-8FDC-42A3-9474-1A3956D46DE8}") = "Wsk", "Wsk", "{9AE77C55-6CC0-4BC7-AC27-A9AD6AEA4E30}"
EndProject
Project("{2150E333-8FDC-42A3-9474-1A3956D46DE8}") = "Required", "Required", "{0A077FD2-1D6C-4D5D-B732-D8F14E51BD3E}"
EndProject
Project("{2150E333-8FDC-42A3-9474-1A3956D46DE8}") = "Account", "Account", "{6FFCB301-40F6-4CCB-B359-BDA566ACAEA6}"
EndProject
Project("{9A19103F-16F7-4668-BE54-9A1E7A4F7556}") = "CarbonNeutral.Identity.STS.Identity", "src\++Identity\CarbonNeutral.Identity\src\CarbonNeutral.Identity.STS.Identity\CarbonNeutral.Identity.STS.Identity.csproj", "{ADF08470-BFC6-421E-A1E4-B837AD5528B8}"
EndProject
Project("{9A19103F-16F7-4668-BE54-9A1E7A4F7556}") = "AccountModuleCore", "src\+Modules\Required\AccountModule\____Core\__AccountModuleCore\src\AccountModuleCore.csproj", "{FF6DAF44-91CF-4D07-8154-75328C79500F}"
EndProject
Project("{9A19103F-16F7-4668-BE54-9A1E7A4F7556}") = "AccountModuleCore.TestData", "src\+Modules\Required\AccountModule\____Core\_AccountModuleCore.TestData\src\AccountModuleCore.TestData.csproj", "{8FE6C9D9-88C8-4BFE-91CB-D05637AE6E79}"
EndProject
Project("{9A19103F-16F7-4668-BE54-9A1E7A4F7556}") = "AccountModuleCore.UnitTests", "src\+Modules\Required\AccountModule\____Core\AccountModuleCore.UnitTests\src\AccountModuleCore.UnitTests.csproj", "{2DE3409D-3961-4E2B-A40B-C594E41E4D4F}"
EndProject
Project("{9A19103F-16F7-4668-BE54-9A1E7A4F7556}") = "AccountModuleInfrastructure", "src\+Modules\Required\AccountModule\___Infrastructure\AccountModuleInfrastructure\src\AccountModuleInfrastructure.csproj", "{806746AA-08A8-431D-8B67-2238AAC80B21}"
EndProject
Project("{9A19103F-16F7-4668-BE54-9A1E7A4F7556}") = "AccountModule.Data", "src\+Modules\Required\AccountModule\__Data\AccountModule.Data\src\AccountModule.Data.csproj", "{0301E3E5-7D5D-4641-9757-03FAEFC7F88D}"
EndProject
Project("{9A19103F-16F7-4668-BE54-9A1E7A4F7556}") = "AccountModuleApplication.Shared", "src\+Modules\Required\AccountModule\_Application\_AccountModuleApplication.Shared\src\AccountModuleApplication.Shared.csproj", "{EC01BD38-D71F-4069-BCCB-19C4251D370A}"
EndProject
Project("{9A19103F-16F7-4668-BE54-9A1E7A4F7556}") = "AccountModuleApplication", "src\+Modules\Required\AccountModule\_Application\AccountModuleApplication\src\AccountModuleApplication.csproj", "{35C25DFE-811F-41D1-86D1-AA62D38392CA}"
EndProject
Project("{9A19103F-16F7-4668-BE54-9A1E7A4F7556}") = "AccountModuleApplication.FeatureTests", "src\+Modules\Required\AccountModule\_Application\AccountModuleApplication.FeatureTests\src\AccountModuleApplication.FeatureTests.csproj", "{D435BBEA-A1C9-4705-9AFB-6C78B4A09C77}"
EndProject
Project("{9A19103F-16F7-4668-BE54-9A1E7A4F7556}") = "AccountModuleApi", "src\+Modules\Required\AccountModule\+Api\+AccountModuleApi\src\AccountModuleApi.csproj", "{58FDA0B0-8229-4FFB-8359-13B0D5A28D00}"
EndProject
Project("{9A19103F-16F7-4668-BE54-9A1E7A4F7556}") = "AccountModuleApi.FunctionalTests", "src\+Modules\Required\AccountModule\+Api\AccountModuleApi.FunctionalTests\src\AccountModuleApi.FunctionalTests.csproj", "{949CBFC2-E392-4C49-BAE1-AD4B1F136603}"
EndProject
Project("{9A19103F-16F7-4668-BE54-9A1E7A4F7556}") = "AccountModuleClientServiceLoader", "src\+Modules\Required\AccountModule\UI\_AccountModuleClientServiceLoader\src\AccountModuleClientServiceLoader.csproj", "{A5BD144A-7828-4690-814C-AA45B32A7FCA}"
EndProject
Project("{9A19103F-16F7-4668-BE54-9A1E7A4F7556}") = "AccountModuleBlazorModuleAdmin", "src\+Modules\Required\AccountModule\UI\AccountModuleBlazorModuleAdmin\src\AccountModuleBlazorModuleAdmin.csproj", "{25BC5908-18B8-4988-8C27-F912A8F7D5C4}"
EndProject
Project("{9A19103F-16F7-4668-BE54-9A1E7A4F7556}") = "WskBlazorModule.UIUnitTests", "src\+Modules\Required\AccountModule\UI\AccountModuleBlazorModuleAdmin.UIUnitTests\src\WskBlazorModule.UIUnitTests.csproj", "{D7E4C0C8-B4BE-4C15-A804-0B886A694019}"
EndProject
Project("{2150E333-8FDC-42A3-9474-1A3956D46DE8}") = "____Core", "____Core", "{3D5E2615-6CE0-4610-96F8-A653D083392E}"
EndProject
Project("{2150E333-8FDC-42A3-9474-1A3956D46DE8}") = "___Infrastructure", "___Infrastructure", "{D6501404-AEED-4E38-BF75-B9889E83A589}"
EndProject
Project("{2150E333-8FDC-42A3-9474-1A3956D46DE8}") = "__Application", "__Application", "{FFC6D3FA-239E-4DFD-8608-9286CB942369}"
EndProject
Project("{2150E333-8FDC-42A3-9474-1A3956D46DE8}") = "_Data", "_Data", "{51BDF689-802D-41B3-93EE-18890E68E729}"
EndProject
Project("{2150E333-8FDC-42A3-9474-1A3956D46DE8}") = "+Api", "+Api", "{77CA21A5-CCE5-495F-BB79-B688853D0ADD}"
EndProject
Project("{2150E333-8FDC-42A3-9474-1A3956D46DE8}") = "UI", "UI", "{101A728C-6A47-410D-B45D-D00CF9C28FBD}"
EndProject
Project("{2150E333-8FDC-42A3-9474-1A3956D46DE8}") = "_Data", "_Data", "{599CB92C-6A8B-491E-894A-F125920E2909}"
EndProject
Project("{9A19103F-16F7-4668-BE54-9A1E7A4F7556}") = "WskCore", "src\+Modules\Lazy\WordSearchKingdom\____Core\__WskCore\src\WskCore.csproj", "{F19DA99C-9478-4427-BBB7-242A36352947}"
EndProject
Project("{9A19103F-16F7-4668-BE54-9A1E7A4F7556}") = "CarbonNeutral.MauiNative", "src\UI\Maui\CarbonNeutral.MauiNative\CarbonNeutral.MauiNative\CarbonNeutral.MauiNative.csproj", "{9E9D55EB-E118-4C6A-8696-60C2AF514D3E}"
EndProject
Project("{FAE04EC0-301F-11D3-BF4B-00C04F79EFBC}") = "CarbonNeutral.MauiClient", "src\UI\Maui\CarbonNeutral.MauiClient\CarbonNeutral.MauiClient.csproj", "{4035BE54-5035-4A57-B37B-C960BDDBE606}"
EndProject
Global
	GlobalSection(SolutionConfigurationPlatforms) = preSolution
		Debug|Any CPU = Debug|Any CPU
		Release|Any CPU = Release|Any CPU
	EndGlobalSection
	GlobalSection(ProjectConfigurationPlatforms) = postSolution
		{359C52A0-5153-4FAF-8555-ED7FC77FD56A}.Debug|Any CPU.ActiveCfg = Debug|Any CPU
		{359C52A0-5153-4FAF-8555-ED7FC77FD56A}.Debug|Any CPU.Build.0 = Debug|Any CPU
		{359C52A0-5153-4FAF-8555-ED7FC77FD56A}.Release|Any CPU.ActiveCfg = Release|Any CPU
		{359C52A0-5153-4FAF-8555-ED7FC77FD56A}.Release|Any CPU.Build.0 = Release|Any CPU
		{CCC907A3-64FF-4037-9B8E-4FB0E3CAB2A8}.Debug|Any CPU.ActiveCfg = Debug|Any CPU
		{CCC907A3-64FF-4037-9B8E-4FB0E3CAB2A8}.Debug|Any CPU.Build.0 = Debug|Any CPU
		{CCC907A3-64FF-4037-9B8E-4FB0E3CAB2A8}.Release|Any CPU.ActiveCfg = Release|Any CPU
		{CCC907A3-64FF-4037-9B8E-4FB0E3CAB2A8}.Release|Any CPU.Build.0 = Release|Any CPU
		{890D8932-9EEE-4AA1-B715-8790B6139C58}.Debug|Any CPU.ActiveCfg = Debug|Any CPU
		{890D8932-9EEE-4AA1-B715-8790B6139C58}.Debug|Any CPU.Build.0 = Debug|Any CPU
		{890D8932-9EEE-4AA1-B715-8790B6139C58}.Release|Any CPU.ActiveCfg = Release|Any CPU
		{890D8932-9EEE-4AA1-B715-8790B6139C58}.Release|Any CPU.Build.0 = Release|Any CPU
		{79E60F1E-9333-4A36-B69B-BED2A6863B67}.Debug|Any CPU.ActiveCfg = Debug|Any CPU
		{79E60F1E-9333-4A36-B69B-BED2A6863B67}.Debug|Any CPU.Build.0 = Debug|Any CPU
		{79E60F1E-9333-4A36-B69B-BED2A6863B67}.Release|Any CPU.ActiveCfg = Release|Any CPU
		{79E60F1E-9333-4A36-B69B-BED2A6863B67}.Release|Any CPU.Build.0 = Release|Any CPU
		{3FB635E5-76F6-4C35-81C4-600ADD2D305E}.Debug|Any CPU.ActiveCfg = Debug|Any CPU
		{3FB635E5-76F6-4C35-81C4-600ADD2D305E}.Debug|Any CPU.Build.0 = Debug|Any CPU
		{3FB635E5-76F6-4C35-81C4-600ADD2D305E}.Release|Any CPU.ActiveCfg = Release|Any CPU
		{3FB635E5-76F6-4C35-81C4-600ADD2D305E}.Release|Any CPU.Build.0 = Release|Any CPU
		{8899EC41-FE1A-4EBD-9681-50B747FE70B5}.Debug|Any CPU.ActiveCfg = Debug|Any CPU
		{8899EC41-FE1A-4EBD-9681-50B747FE70B5}.Debug|Any CPU.Build.0 = Debug|Any CPU
		{8899EC41-FE1A-4EBD-9681-50B747FE70B5}.Release|Any CPU.ActiveCfg = Release|Any CPU
		{8899EC41-FE1A-4EBD-9681-50B747FE70B5}.Release|Any CPU.Build.0 = Release|Any CPU
		{21A339D1-09E1-4632-B2C1-D70CF6A14E41}.Debug|Any CPU.ActiveCfg = Debug|Any CPU
		{21A339D1-09E1-4632-B2C1-D70CF6A14E41}.Debug|Any CPU.Build.0 = Debug|Any CPU
		{21A339D1-09E1-4632-B2C1-D70CF6A14E41}.Release|Any CPU.ActiveCfg = Release|Any CPU
		{21A339D1-09E1-4632-B2C1-D70CF6A14E41}.Release|Any CPU.Build.0 = Release|Any CPU
		{94CFE7BC-5E28-497B-9CBF-98C64C207090}.Debug|Any CPU.ActiveCfg = Debug|Any CPU
		{94CFE7BC-5E28-497B-9CBF-98C64C207090}.Debug|Any CPU.Build.0 = Debug|Any CPU
		{94CFE7BC-5E28-497B-9CBF-98C64C207090}.Release|Any CPU.ActiveCfg = Release|Any CPU
		{94CFE7BC-5E28-497B-9CBF-98C64C207090}.Release|Any CPU.Build.0 = Release|Any CPU
		{A96B3039-0FEC-46D5-86FD-DD36F1C0B805}.Debug|Any CPU.ActiveCfg = Debug|Any CPU
		{A96B3039-0FEC-46D5-86FD-DD36F1C0B805}.Debug|Any CPU.Build.0 = Debug|Any CPU
		{A96B3039-0FEC-46D5-86FD-DD36F1C0B805}.Release|Any CPU.ActiveCfg = Release|Any CPU
		{A96B3039-0FEC-46D5-86FD-DD36F1C0B805}.Release|Any CPU.Build.0 = Release|Any CPU
		{7A94551D-1150-458B-A1D1-BDBA5301B3A5}.Debug|Any CPU.ActiveCfg = Debug|Any CPU
		{7A94551D-1150-458B-A1D1-BDBA5301B3A5}.Debug|Any CPU.Build.0 = Debug|Any CPU
		{7A94551D-1150-458B-A1D1-BDBA5301B3A5}.Release|Any CPU.ActiveCfg = Release|Any CPU
		{7A94551D-1150-458B-A1D1-BDBA5301B3A5}.Release|Any CPU.Build.0 = Release|Any CPU
		{2FCF4F0B-CE8B-4C1E-A321-9AFB1A795073}.Debug|Any CPU.ActiveCfg = Debug|Any CPU
		{2FCF4F0B-CE8B-4C1E-A321-9AFB1A795073}.Debug|Any CPU.Build.0 = Debug|Any CPU
		{2FCF4F0B-CE8B-4C1E-A321-9AFB1A795073}.Release|Any CPU.ActiveCfg = Release|Any CPU
		{2FCF4F0B-CE8B-4C1E-A321-9AFB1A795073}.Release|Any CPU.Build.0 = Release|Any CPU
		{FF6D418C-5F9C-4E8C-9CE7-D2E014AEB51C}.Debug|Any CPU.ActiveCfg = Debug|Any CPU
		{FF6D418C-5F9C-4E8C-9CE7-D2E014AEB51C}.Debug|Any CPU.Build.0 = Debug|Any CPU
		{FF6D418C-5F9C-4E8C-9CE7-D2E014AEB51C}.Release|Any CPU.ActiveCfg = Release|Any CPU
		{FF6D418C-5F9C-4E8C-9CE7-D2E014AEB51C}.Release|Any CPU.Build.0 = Release|Any CPU
		{3F3F30C7-E19A-49F8-8DB8-498A994F14A3}.Debug|Any CPU.ActiveCfg = Debug|Any CPU
		{3F3F30C7-E19A-49F8-8DB8-498A994F14A3}.Debug|Any CPU.Build.0 = Debug|Any CPU
		{3F3F30C7-E19A-49F8-8DB8-498A994F14A3}.Release|Any CPU.ActiveCfg = Release|Any CPU
		{3F3F30C7-E19A-49F8-8DB8-498A994F14A3}.Release|Any CPU.Build.0 = Release|Any CPU
		{D7B61904-29B3-4B57-91B0-25027AF86118}.Debug|Any CPU.ActiveCfg = Debug|Any CPU
		{D7B61904-29B3-4B57-91B0-25027AF86118}.Debug|Any CPU.Build.0 = Debug|Any CPU
		{D7B61904-29B3-4B57-91B0-25027AF86118}.Release|Any CPU.ActiveCfg = Release|Any CPU
		{D7B61904-29B3-4B57-91B0-25027AF86118}.Release|Any CPU.Build.0 = Release|Any CPU
		{4CFFDCB3-B8B8-4F33-87CC-1D920BC56070}.Debug|Any CPU.ActiveCfg = Debug|Any CPU
		{4CFFDCB3-B8B8-4F33-87CC-1D920BC56070}.Debug|Any CPU.Build.0 = Debug|Any CPU
		{4CFFDCB3-B8B8-4F33-87CC-1D920BC56070}.Release|Any CPU.ActiveCfg = Release|Any CPU
		{4CFFDCB3-B8B8-4F33-87CC-1D920BC56070}.Release|Any CPU.Build.0 = Release|Any CPU
		{99F09876-983D-44FA-AA6B-3B92869C127D}.Debug|Any CPU.ActiveCfg = Debug|Any CPU
		{99F09876-983D-44FA-AA6B-3B92869C127D}.Debug|Any CPU.Build.0 = Debug|Any CPU
		{99F09876-983D-44FA-AA6B-3B92869C127D}.Release|Any CPU.ActiveCfg = Release|Any CPU
		{99F09876-983D-44FA-AA6B-3B92869C127D}.Release|Any CPU.Build.0 = Release|Any CPU
		{7DACA9D7-C588-4A36-8D01-D2D771598B2F}.Debug|Any CPU.ActiveCfg = Debug|Any CPU
		{7DACA9D7-C588-4A36-8D01-D2D771598B2F}.Debug|Any CPU.Build.0 = Debug|Any CPU
		{7DACA9D7-C588-4A36-8D01-D2D771598B2F}.Release|Any CPU.ActiveCfg = Release|Any CPU
		{7DACA9D7-C588-4A36-8D01-D2D771598B2F}.Release|Any CPU.Build.0 = Release|Any CPU
		{4345B971-C3B0-4170-A208-2B431D4B780A}.Debug|Any CPU.ActiveCfg = Debug|Any CPU
		{4345B971-C3B0-4170-A208-2B431D4B780A}.Debug|Any CPU.Build.0 = Debug|Any CPU
		{4345B971-C3B0-4170-A208-2B431D4B780A}.Release|Any CPU.ActiveCfg = Release|Any CPU
		{4345B971-C3B0-4170-A208-2B431D4B780A}.Release|Any CPU.Build.0 = Release|Any CPU
		{4CF78E23-3005-4670-888F-8F6EE4E08CFE}.Debug|Any CPU.ActiveCfg = Debug|Any CPU
		{4CF78E23-3005-4670-888F-8F6EE4E08CFE}.Debug|Any CPU.Build.0 = Debug|Any CPU
		{4CF78E23-3005-4670-888F-8F6EE4E08CFE}.Release|Any CPU.ActiveCfg = Release|Any CPU
		{4CF78E23-3005-4670-888F-8F6EE4E08CFE}.Release|Any CPU.Build.0 = Release|Any CPU
		{ADF08470-BFC6-421E-A1E4-B837AD5528B8}.Debug|Any CPU.ActiveCfg = Debug|Any CPU
		{ADF08470-BFC6-421E-A1E4-B837AD5528B8}.Debug|Any CPU.Build.0 = Debug|Any CPU
		{ADF08470-BFC6-421E-A1E4-B837AD5528B8}.Release|Any CPU.ActiveCfg = Release|Any CPU
		{ADF08470-BFC6-421E-A1E4-B837AD5528B8}.Release|Any CPU.Build.0 = Release|Any CPU
		{FF6DAF44-91CF-4D07-8154-75328C79500F}.Debug|Any CPU.ActiveCfg = Debug|Any CPU
		{FF6DAF44-91CF-4D07-8154-75328C79500F}.Debug|Any CPU.Build.0 = Debug|Any CPU
		{FF6DAF44-91CF-4D07-8154-75328C79500F}.Release|Any CPU.ActiveCfg = Release|Any CPU
		{FF6DAF44-91CF-4D07-8154-75328C79500F}.Release|Any CPU.Build.0 = Release|Any CPU
		{8FE6C9D9-88C8-4BFE-91CB-D05637AE6E79}.Debug|Any CPU.ActiveCfg = Debug|Any CPU
		{8FE6C9D9-88C8-4BFE-91CB-D05637AE6E79}.Debug|Any CPU.Build.0 = Debug|Any CPU
		{8FE6C9D9-88C8-4BFE-91CB-D05637AE6E79}.Release|Any CPU.ActiveCfg = Release|Any CPU
		{8FE6C9D9-88C8-4BFE-91CB-D05637AE6E79}.Release|Any CPU.Build.0 = Release|Any CPU
		{2DE3409D-3961-4E2B-A40B-C594E41E4D4F}.Debug|Any CPU.ActiveCfg = Debug|Any CPU
		{2DE3409D-3961-4E2B-A40B-C594E41E4D4F}.Debug|Any CPU.Build.0 = Debug|Any CPU
		{2DE3409D-3961-4E2B-A40B-C594E41E4D4F}.Release|Any CPU.ActiveCfg = Release|Any CPU
		{2DE3409D-3961-4E2B-A40B-C594E41E4D4F}.Release|Any CPU.Build.0 = Release|Any CPU
		{806746AA-08A8-431D-8B67-2238AAC80B21}.Debug|Any CPU.ActiveCfg = Debug|Any CPU
		{806746AA-08A8-431D-8B67-2238AAC80B21}.Debug|Any CPU.Build.0 = Debug|Any CPU
		{806746AA-08A8-431D-8B67-2238AAC80B21}.Release|Any CPU.ActiveCfg = Release|Any CPU
		{806746AA-08A8-431D-8B67-2238AAC80B21}.Release|Any CPU.Build.0 = Release|Any CPU
		{0301E3E5-7D5D-4641-9757-03FAEFC7F88D}.Debug|Any CPU.ActiveCfg = Debug|Any CPU
		{0301E3E5-7D5D-4641-9757-03FAEFC7F88D}.Debug|Any CPU.Build.0 = Debug|Any CPU
		{0301E3E5-7D5D-4641-9757-03FAEFC7F88D}.Release|Any CPU.ActiveCfg = Release|Any CPU
		{0301E3E5-7D5D-4641-9757-03FAEFC7F88D}.Release|Any CPU.Build.0 = Release|Any CPU
		{EC01BD38-D71F-4069-BCCB-19C4251D370A}.Debug|Any CPU.ActiveCfg = Debug|Any CPU
		{EC01BD38-D71F-4069-BCCB-19C4251D370A}.Debug|Any CPU.Build.0 = Debug|Any CPU
		{EC01BD38-D71F-4069-BCCB-19C4251D370A}.Release|Any CPU.ActiveCfg = Release|Any CPU
		{EC01BD38-D71F-4069-BCCB-19C4251D370A}.Release|Any CPU.Build.0 = Release|Any CPU
		{35C25DFE-811F-41D1-86D1-AA62D38392CA}.Debug|Any CPU.ActiveCfg = Debug|Any CPU
		{35C25DFE-811F-41D1-86D1-AA62D38392CA}.Debug|Any CPU.Build.0 = Debug|Any CPU
		{35C25DFE-811F-41D1-86D1-AA62D38392CA}.Release|Any CPU.ActiveCfg = Release|Any CPU
		{35C25DFE-811F-41D1-86D1-AA62D38392CA}.Release|Any CPU.Build.0 = Release|Any CPU
		{D435BBEA-A1C9-4705-9AFB-6C78B4A09C77}.Debug|Any CPU.ActiveCfg = Debug|Any CPU
		{D435BBEA-A1C9-4705-9AFB-6C78B4A09C77}.Debug|Any CPU.Build.0 = Debug|Any CPU
		{D435BBEA-A1C9-4705-9AFB-6C78B4A09C77}.Release|Any CPU.ActiveCfg = Release|Any CPU
		{D435BBEA-A1C9-4705-9AFB-6C78B4A09C77}.Release|Any CPU.Build.0 = Release|Any CPU
		{58FDA0B0-8229-4FFB-8359-13B0D5A28D00}.Debug|Any CPU.ActiveCfg = Debug|Any CPU
		{58FDA0B0-8229-4FFB-8359-13B0D5A28D00}.Debug|Any CPU.Build.0 = Debug|Any CPU
		{58FDA0B0-8229-4FFB-8359-13B0D5A28D00}.Release|Any CPU.ActiveCfg = Release|Any CPU
		{58FDA0B0-8229-4FFB-8359-13B0D5A28D00}.Release|Any CPU.Build.0 = Release|Any CPU
		{949CBFC2-E392-4C49-BAE1-AD4B1F136603}.Debug|Any CPU.ActiveCfg = Debug|Any CPU
		{949CBFC2-E392-4C49-BAE1-AD4B1F136603}.Debug|Any CPU.Build.0 = Debug|Any CPU
		{949CBFC2-E392-4C49-BAE1-AD4B1F136603}.Release|Any CPU.ActiveCfg = Release|Any CPU
		{949CBFC2-E392-4C49-BAE1-AD4B1F136603}.Release|Any CPU.Build.0 = Release|Any CPU
		{A5BD144A-7828-4690-814C-AA45B32A7FCA}.Debug|Any CPU.ActiveCfg = Debug|Any CPU
		{A5BD144A-7828-4690-814C-AA45B32A7FCA}.Debug|Any CPU.Build.0 = Debug|Any CPU
		{A5BD144A-7828-4690-814C-AA45B32A7FCA}.Release|Any CPU.ActiveCfg = Release|Any CPU
		{A5BD144A-7828-4690-814C-AA45B32A7FCA}.Release|Any CPU.Build.0 = Release|Any CPU
		{25BC5908-18B8-4988-8C27-F912A8F7D5C4}.Debug|Any CPU.ActiveCfg = Debug|Any CPU
		{25BC5908-18B8-4988-8C27-F912A8F7D5C4}.Debug|Any CPU.Build.0 = Debug|Any CPU
		{25BC5908-18B8-4988-8C27-F912A8F7D5C4}.Release|Any CPU.ActiveCfg = Release|Any CPU
		{25BC5908-18B8-4988-8C27-F912A8F7D5C4}.Release|Any CPU.Build.0 = Release|Any CPU
		{D7E4C0C8-B4BE-4C15-A804-0B886A694019}.Debug|Any CPU.ActiveCfg = Debug|Any CPU
		{D7E4C0C8-B4BE-4C15-A804-0B886A694019}.Debug|Any CPU.Build.0 = Debug|Any CPU
		{D7E4C0C8-B4BE-4C15-A804-0B886A694019}.Release|Any CPU.ActiveCfg = Release|Any CPU
		{D7E4C0C8-B4BE-4C15-A804-0B886A694019}.Release|Any CPU.Build.0 = Release|Any CPU
		{F19DA99C-9478-4427-BBB7-242A36352947}.Debug|Any CPU.ActiveCfg = Debug|Any CPU
		{F19DA99C-9478-4427-BBB7-242A36352947}.Debug|Any CPU.Build.0 = Debug|Any CPU
		{F19DA99C-9478-4427-BBB7-242A36352947}.Release|Any CPU.ActiveCfg = Release|Any CPU
		{F19DA99C-9478-4427-BBB7-242A36352947}.Release|Any CPU.Build.0 = Release|Any CPU
		{9E9D55EB-E118-4C6A-8696-60C2AF514D3E}.Debug|Any CPU.ActiveCfg = Debug|Any CPU
		{9E9D55EB-E118-4C6A-8696-60C2AF514D3E}.Debug|Any CPU.Build.0 = Debug|Any CPU
		{9E9D55EB-E118-4C6A-8696-60C2AF514D3E}.Debug|Any CPU.Deploy.0 = Debug|Any CPU
		{9E9D55EB-E118-4C6A-8696-60C2AF514D3E}.Release|Any CPU.ActiveCfg = Release|Any CPU
		{9E9D55EB-E118-4C6A-8696-60C2AF514D3E}.Release|Any CPU.Build.0 = Release|Any CPU
		{9E9D55EB-E118-4C6A-8696-60C2AF514D3E}.Release|Any CPU.Deploy.0 = Release|Any CPU
		{4035BE54-5035-4A57-B37B-C960BDDBE606}.Debug|Any CPU.ActiveCfg = Debug|Any CPU
		{4035BE54-5035-4A57-B37B-C960BDDBE606}.Debug|Any CPU.Build.0 = Debug|Any CPU
		{4035BE54-5035-4A57-B37B-C960BDDBE606}.Debug|Any CPU.Deploy.0 = Debug|Any CPU
		{4035BE54-5035-4A57-B37B-C960BDDBE606}.Release|Any CPU.ActiveCfg = Release|Any CPU
		{4035BE54-5035-4A57-B37B-C960BDDBE606}.Release|Any CPU.Build.0 = Release|Any CPU
		{4035BE54-5035-4A57-B37B-C960BDDBE606}.Release|Any CPU.Deploy.0 = Release|Any CPU
	EndGlobalSection
	GlobalSection(SolutionProperties) = preSolution
		HideSolutionNode = FALSE
	EndGlobalSection
	GlobalSection(NestedProjects) = preSolution
		{359C52A0-5153-4FAF-8555-ED7FC77FD56A} = {08C13FE7-9071-46A3-B9BE-3941FF04C813}
		{CCC907A3-64FF-4037-9B8E-4FB0E3CAB2A8} = {1151DB5C-BA25-4E70-AEEA-C052C86B86A8}
		{890D8932-9EEE-4AA1-B715-8790B6139C58} = {E95097B5-1A28-4685-8504-14B6BE8B6ED8}
		{79E60F1E-9333-4A36-B69B-BED2A6863B67} = {1DE2958D-F86D-46E2-9157-0CCD418C5A0D}
		{3FB635E5-76F6-4C35-81C4-600ADD2D305E} = {1DE2958D-F86D-46E2-9157-0CCD418C5A0D}
		{8899EC41-FE1A-4EBD-9681-50B747FE70B5} = {D6E491BC-9021-4D60-8E0A-9888F5B0382E}
		{21A339D1-09E1-4632-B2C1-D70CF6A14E41} = {D6E491BC-9021-4D60-8E0A-9888F5B0382E}
		{94CFE7BC-5E28-497B-9CBF-98C64C207090} = {599CB92C-6A8B-491E-894A-F125920E2909}
		{A96B3039-0FEC-46D5-86FD-DD36F1C0B805} = {F42D7AFA-A120-433A-BA2F-1764E4CB692E}
		{7A94551D-1150-458B-A1D1-BDBA5301B3A5} = {F42D7AFA-A120-433A-BA2F-1764E4CB692E}
		{2FCF4F0B-CE8B-4C1E-A321-9AFB1A795073} = {F42D7AFA-A120-433A-BA2F-1764E4CB692E}
		{FF6D418C-5F9C-4E8C-9CE7-D2E014AEB51C} = {96DAA5F4-785B-4FF0-8135-8BB9F6DA434E}
		{3F3F30C7-E19A-49F8-8DB8-498A994F14A3} = {96DAA5F4-785B-4FF0-8135-8BB9F6DA434E}
		{D7B61904-29B3-4B57-91B0-25027AF86118} = {2EB699D0-2664-47B4-A43C-675651BE8742}
		{4CFFDCB3-B8B8-4F33-87CC-1D920BC56070} = {2EB699D0-2664-47B4-A43C-675651BE8742}
		{99F09876-983D-44FA-AA6B-3B92869C127D} = {2EB699D0-2664-47B4-A43C-675651BE8742}
		{7DACA9D7-C588-4A36-8D01-D2D771598B2F} = {A7BEB6FB-2D1A-4054-BEC6-F0AB77BC46E8}
		{4345B971-C3B0-4170-A208-2B431D4B780A} = {A7BEB6FB-2D1A-4054-BEC6-F0AB77BC46E8}
		{4CF78E23-3005-4670-888F-8F6EE4E08CFE} = {A7BEB6FB-2D1A-4054-BEC6-F0AB77BC46E8}
		{1151DB5C-BA25-4E70-AEEA-C052C86B86A8} = {A7BEB6FB-2D1A-4054-BEC6-F0AB77BC46E8}
		{1DE2958D-F86D-46E2-9157-0CCD418C5A0D} = {9AE77C55-6CC0-4BC7-AC27-A9AD6AEA4E30}
		{F42D7AFA-A120-433A-BA2F-1764E4CB692E} = {9AE77C55-6CC0-4BC7-AC27-A9AD6AEA4E30}
		{D6E491BC-9021-4D60-8E0A-9888F5B0382E} = {9AE77C55-6CC0-4BC7-AC27-A9AD6AEA4E30}
		{96DAA5F4-785B-4FF0-8135-8BB9F6DA434E} = {9AE77C55-6CC0-4BC7-AC27-A9AD6AEA4E30}
		{2EB699D0-2664-47B4-A43C-675651BE8742} = {9AE77C55-6CC0-4BC7-AC27-A9AD6AEA4E30}
		{28AC47DA-99EE-4437-A824-ED39D272777C} = {7F4F6B59-95D3-4781-9A65-B142B7B1C448}
		{9AE77C55-6CC0-4BC7-AC27-A9AD6AEA4E30} = {28AC47DA-99EE-4437-A824-ED39D272777C}
		{0A077FD2-1D6C-4D5D-B732-D8F14E51BD3E} = {7F4F6B59-95D3-4781-9A65-B142B7B1C448}
		{6FFCB301-40F6-4CCB-B359-BDA566ACAEA6} = {0A077FD2-1D6C-4D5D-B732-D8F14E51BD3E}
		{ADF08470-BFC6-421E-A1E4-B837AD5528B8} = {A76B8CAD-D5AA-423D-A1F8-000518196632}
		{FF6DAF44-91CF-4D07-8154-75328C79500F} = {3D5E2615-6CE0-4610-96F8-A653D083392E}
		{8FE6C9D9-88C8-4BFE-91CB-D05637AE6E79} = {3D5E2615-6CE0-4610-96F8-A653D083392E}
		{2DE3409D-3961-4E2B-A40B-C594E41E4D4F} = {3D5E2615-6CE0-4610-96F8-A653D083392E}
		{806746AA-08A8-431D-8B67-2238AAC80B21} = {D6501404-AEED-4E38-BF75-B9889E83A589}
		{0301E3E5-7D5D-4641-9757-03FAEFC7F88D} = {51BDF689-802D-41B3-93EE-18890E68E729}
		{EC01BD38-D71F-4069-BCCB-19C4251D370A} = {FFC6D3FA-239E-4DFD-8608-9286CB942369}
		{35C25DFE-811F-41D1-86D1-AA62D38392CA} = {FFC6D3FA-239E-4DFD-8608-9286CB942369}
		{D435BBEA-A1C9-4705-9AFB-6C78B4A09C77} = {FFC6D3FA-239E-4DFD-8608-9286CB942369}
		{58FDA0B0-8229-4FFB-8359-13B0D5A28D00} = {77CA21A5-CCE5-495F-BB79-B688853D0ADD}
		{949CBFC2-E392-4C49-BAE1-AD4B1F136603} = {77CA21A5-CCE5-495F-BB79-B688853D0ADD}
		{A5BD144A-7828-4690-814C-AA45B32A7FCA} = {101A728C-6A47-410D-B45D-D00CF9C28FBD}
		{25BC5908-18B8-4988-8C27-F912A8F7D5C4} = {101A728C-6A47-410D-B45D-D00CF9C28FBD}
		{D7E4C0C8-B4BE-4C15-A804-0B886A694019} = {101A728C-6A47-410D-B45D-D00CF9C28FBD}
		{3D5E2615-6CE0-4610-96F8-A653D083392E} = {6FFCB301-40F6-4CCB-B359-BDA566ACAEA6}
		{D6501404-AEED-4E38-BF75-B9889E83A589} = {6FFCB301-40F6-4CCB-B359-BDA566ACAEA6}
		{FFC6D3FA-239E-4DFD-8608-9286CB942369} = {6FFCB301-40F6-4CCB-B359-BDA566ACAEA6}
		{51BDF689-802D-41B3-93EE-18890E68E729} = {6FFCB301-40F6-4CCB-B359-BDA566ACAEA6}
		{77CA21A5-CCE5-495F-BB79-B688853D0ADD} = {6FFCB301-40F6-4CCB-B359-BDA566ACAEA6}
		{101A728C-6A47-410D-B45D-D00CF9C28FBD} = {6FFCB301-40F6-4CCB-B359-BDA566ACAEA6}
		{599CB92C-6A8B-491E-894A-F125920E2909} = {9AE77C55-6CC0-4BC7-AC27-A9AD6AEA4E30}
		{F19DA99C-9478-4427-BBB7-242A36352947} = {1DE2958D-F86D-46E2-9157-0CCD418C5A0D}
		{9E9D55EB-E118-4C6A-8696-60C2AF514D3E} = {A7BEB6FB-2D1A-4054-BEC6-F0AB77BC46E8}
		{4035BE54-5035-4A57-B37B-C960BDDBE606} = {A7BEB6FB-2D1A-4054-BEC6-F0AB77BC46E8}
	EndGlobalSection
	GlobalSection(ExtensibilityGlobals) = postSolution
		SolutionGuid = {01A075BA-DDB5-4207-B569-34142D402C83}
	EndGlobalSection
EndGlobal
